
Microsoft Visual Studio Solution File, Format Version 12.00
# Visual Studio Version 16
VisualStudioVersion = 16.0.31729.503
MinimumVisualStudioVersion = 10.0.40219.1
Project("{FAE04EC0-301F-11D3-BF4B-00C04F79EFBC}") = "FinanceAPI", "FinanceAPI.csproj", "{F44B7818-6A01-48F2-B11B-FCDA55169A2E}"
EndProject
Global
	GlobalSection(SolutionConfigurationPlatforms) = preSolution
		Debug|Any CPU = Debug|Any CPU
		Release|Any CPU = Release|Any CPU
	EndGlobalSection
	GlobalSection(ProjectConfigurationPlatforms) = postSolution
		{F44B7818-6A01-48F2-B11B-FCDA55169A2E}.Debug|Any CPU.ActiveCfg = Debug|Any CPU
		{F44B7818-6A01-48F2-B11B-FCDA55169A2E}.Debug|Any CPU.Build.0 = Debug|Any CPU
		{F44B7818-6A01-48F2-B11B-FCDA55169A2E}.Release|Any CPU.ActiveCfg = Release|Any CPU
		{F44B7818-6A01-48F2-B11B-FCDA55169A2E}.Release|Any CPU.Build.0 = Release|Any CPU
	EndGlobalSection
	GlobalSection(SolutionProperties) = preSolution
		HideSolutionNode = FALSE
	EndGlobalSection
	GlobalSection(ExtensibilityGlobals) = postSolution
		SolutionGuid = {BB097254-DCF4-4711-B967-B91622268A60}
	EndGlobalSection
EndGlobal
